PODS:
  - MBProgressHUD (1.1.0)
  - RadiantForms (2.0-beta7)
  - SwiftyBeaver (1.7.0)

DEPENDENCIES:
  - MBProgressHUD (from `https://github.com/jdg/MBProgressHUD.git`, commit `202d8895c6eb10ead2e4b3c5837a68c95693d51f`)
  - RadiantForms (from `https://github.com/radiantkit/radiantforms-ios.git`, commit `b4634ff787ac11f222443a0fc97e97cec15e6e7c`)
  - SwiftyBeaver (from `https://github.com/SwiftyBeaver/SwiftyBeaver.git`, commit `f7aaaa3ee8056588b9cf5594475f0a3da0043370`)

EXTERNAL SOURCES:
  MBProgressHUD:
    :commit: 202d8895c6eb10ead2e4b3c5837a68c95693d51f
    :git: https://github.com/jdg/MBProgressHUD.git
  RadiantForms:
    :commit: b4634ff787ac11f222443a0fc97e97cec15e6e7c
    :git: https://github.com/radiantkit/radiantforms-ios.git
  SwiftyBeaver:
    :commit: f7aaaa3ee8056588b9cf5594475f0a3da0043370
    :git: https://github.com/SwiftyBeaver/SwiftyBeaver.git

CHECKOUT OPTIONS:
  MBProgressHUD:
    :commit: 202d8895c6eb10ead2e4b3c5837a68c95693d51f
    :git: https://github.com/jdg/MBProgressHUD.git
  RadiantForms:
    :commit: b4634ff787ac11f222443a0fc97e97cec15e6e7c
    :git: https://github.com/radiantkit/radiantforms-ios.git
  SwiftyBeaver:
    :commit: f7aaaa3ee8056588b9cf5594475f0a3da0043370
    :git: https://github.com/SwiftyBeaver/SwiftyBeaver.git

SPEC CHECKSUMS:
  MBProgressHUD: 0f5bb58f04db85da16d8b9e9781df7f88cadd4ec
  RadiantForms: 87619162586e81f6162670562bdd815d82d39046
  SwiftyBeaver: 4cc0080d2e23f980652e28978db11a5c9da39165

PODFILE CHECKSUM: bf8541321017ef754991325dc9fbecfca361eda1

COCOAPODS: 1.7.5
