PODS:
  - MBProgressHUD (1.2.0)
  - RadiantForms (2.0-beta7)
  - SwiftyBeaver (1.9.1)

DEPENDENCIES:
  - MBProgressHUD (from `https://github.com/jdg/MBProgressHUD.git`, commit `61fb89ce30d42f403ce53cde65883dc8cea6d02a`)
  - RadiantForms (from `https://github.com/radiantkit/radiantforms-ios.git`, commit `d51a1380b783281f03fa3f5f1b5c34ba8e74400e`)
  - SwiftyBeaver (from `https://github.com/SwiftyBeaver/SwiftyBeaver.git`, commit `e0fb3a74cb993d7dcf1e56734cdc98ad6e6d8176`)

EXTERNAL SOURCES:
  MBProgressHUD:
    :commit: 61fb89ce30d42f403ce53cde65883dc8cea6d02a
    :git: https://github.com/jdg/MBProgressHUD.git
  RadiantForms:
    :commit: d51a1380b783281f03fa3f5f1b5c34ba8e74400e
    :git: https://github.com/radiantkit/radiantforms-ios.git
  SwiftyBeaver:
    :commit: e0fb3a74cb993d7dcf1e56734cdc98ad6e6d8176
    :git: https://github.com/SwiftyBeaver/SwiftyBeaver.git

CHECKOUT OPTIONS:
  MBProgressHUD:
    :commit: 61fb89ce30d42f403ce53cde65883dc8cea6d02a
    :git: https://github.com/jdg/MBProgressHUD.git
  RadiantForms:
    :commit: d51a1380b783281f03fa3f5f1b5c34ba8e74400e
    :git: https://github.com/radiantkit/radiantforms-ios.git
  SwiftyBeaver:
    :commit: e0fb3a74cb993d7dcf1e56734cdc98ad6e6d8176
    :git: https://github.com/SwiftyBeaver/SwiftyBeaver.git

SPEC CHECKSUMS:
  MBProgressHUD: 3ee5efcc380f6a79a7cc9b363dd669c5e1ae7406
  RadiantForms: 87619162586e81f6162670562bdd815d82d39046
  SwiftyBeaver: a1f5691458561414bcfab51874b2b7445451602b

PODFILE CHECKSUM: 72b2c48f263871427e8a90e2e6654fce90840a77

COCOAPODS: 1.8.4
